// !$*UTF8*$!
{
	archiveVersion = 1;
	classes = {
	};
	objectVersion = 48;
	objects = {

/* Begin PBXBuildFile section */
		8B33FF2C1F9B1C2200E3762B /* AppDelegate.swift in Sources */ = {isa = PBXBuildFile; fileRef = 8B33FF2B1F9B1C2200E3762B /* AppDelegate.swift */; };
		8B33FF2E1F9B1C2200E3762B /* ViewController.swift in Sources */ = {isa = PBXBuildFile; fileRef = 8B33FF2D1F9B1C2200E3762B /* ViewController.swift */; };
		8B33FF311F9B1C2200E3762B /* Main.storyboard in Resources */ = {isa = PBXBuildFile; fileRef = 8B33FF2F1F9B1C2200E3762B /* Main.storyboard */; };
		8B33FF331F9B1C2200E3762B /* Assets.xcassets in Resources */ = {isa = PBXBuildFile; fileRef = 8B33FF321F9B1C2200E3762B /* Assets.xcassets */; };
		8B33FF361F9B1C2200E3762B /* LaunchScreen.storyboard in Resources */ = {isa = PBXBuildFile; fileRef = 8B33FF341F9B1C2200E3762B /* LaunchScreen.storyboard */; };
		8B33FF411F9B1C2200E3762B /* DailyNotesTests.swift in Sources */ = {isa = PBXBuildFile; fileRef = 8B33FF401F9B1C2200E3762B /* DailyNotesTests.swift */; };
/* End PBXBuildFile section */

/* Begin PBXContainerItemProxy section */
		8B33FF3D1F9B1C2200E3762B /* PBXContainerItemProxy */ = {
			isa = PBXContainerItemProxy;
			containerPortal = 8B33FF201F9B1C2200E3762B /* Project object */;
			proxyType = 1;
			remoteGlobalIDString = 8B33FF271F9B1C2200E3762B;
			remoteInfo = DailyNotes;
		};
/* End PBXContainerItemProxy section */

/* Begin PBXFileReference section */
		8B33FF281F9B1C2200E3762B /* DailyNotes.app */ = {isa = PBXFileReference; explicitFileType = wrapper.application; includeInIndex = 0; path = DailyNotes.app; sourceTree = BUILT_PRODUCTS_DIR; };
		8B33FF2B1F9B1C2200E3762B /* AppDelegate.swift */ = {isa = PBXFileReference; lastKnownFileType = sourcecode.swift; path = AppDelegate.swift; sourceTree = "<group>"; };
		8B33FF2D1F9B1C2200E3762B /* ViewController.swift */ = {isa = PBXFileReference; lastKnownFileType = sourcecode.swift; path = ViewController.swift; sourceTree = "<group>"; };
		8B33FF301F9B1C2200E3762B /* Base */ = {isa = PBXFileReference; lastKnownFileType = file.storyboard; name = Base; path = Base.lproj/Main.storyboard; sourceTree = "<group>"; };
		8B33FF321F9B1C2200E3762B /* Assets.xcassets */ = {isa = PBXFileReference; lastKnownFileType = folder.assetcatalog; path = Assets.xcassets; sourceTree = "<group>"; };
		8B33FF351F9B1C2200E3762B /* Base */ = {isa = PBXFileReference; lastKnownFileType = file.storyboard; name = Base; path = Base.lproj/LaunchScreen.storyboard; sourceTree = "<group>"; };
		8B33FF371F9B1C2200E3762B /* Info.plist */ = {isa = PBXFileReference; lastKnownFileType = text.plist.xml; path = Info.plist; sourceTree = "<group>"; };
		8B33FF3C1F9B1C2200E3762B /* DailyNotesTests.xctest */ = {isa = PBXFileReference; explicitFileType = wrapper.cfbundle; includeInIndex = 0; path = DailyNotesTests.xctest; sourceTree = BUILT_PRODUCTS_DIR; };
		8B33FF401F9B1C2200E3762B /* DailyNotesTests.swift */ = {isa = PBXFileReference; lastKnownFileType = sourcecode.swift; path = DailyNotesTests.swift; sourceTree = "<group>"; };
		8B33FF421F9B1C2200E3762B /* Info.plist */ = {isa = PBXFileReference; lastKnownFileType = text.plist.xml; path = Info.plist; sourceTree = "<group>"; };
/* End PBXFileReference section */

/* Begin PBXFrameworksBuildPhase section */
		8B33FF251F9B1C2200E3762B /* Frameworks */ = {
			isa = PBXFrameworksBuildPhase;
			buildActionMask = 2147483647;
			files = (
			);
			runOnlyForDeploymentPostprocessing = 0;
		};
		8B33FF391F9B1C2200E3762B /* Frameworks */ = {
			isa = PBXFrameworksBuildPhase;
			buildActionMask = 2147483647;
			files = (
			);
			runOnlyForDeploymentPostprocessing = 0;
		};
/* End PBXFrameworksBuildPhase section */

/* Begin PBXGroup section */
		8B33FF1F1F9B1C2200E3762B = {
			isa = PBXGroup;
			children = (
				8B33FF2A1F9B1C2200E3762B /* DailyNotes */,
				8B33FF3F1F9B1C2200E3762B /* DailyNotesTests */,
				8B33FF291F9B1C2200E3762B /* Products */,
			);
			sourceTree = "<group>";
		};
		8B33FF291F9B1C2200E3762B /* Products */ = {
			isa = PBXGroup;
			children = (
				8B33FF281F9B1C2200E3762B /* DailyNotes.app */,
				8B33FF3C1F9B1C2200E3762B /* DailyNotesTests.xctest */,
			);
			name = Products;
			sourceTree = "<group>";
		};
		8B33FF2A1F9B1C2200E3762B /* DailyNotes */ = {
			isa = PBXGroup;
			children = (
				8B33FF2B1F9B1C2200E3762B /* AppDelegate.swift */,
				8B33FF2D1F9B1C2200E3762B /* ViewController.swift */,
				8B33FF2F1F9B1C2200E3762B /* Main.storyboard */,
				8B33FF321F9B1C2200E3762B /* Assets.xcassets */,
				8B33FF341F9B1C2200E3762B /* LaunchScreen.storyboard */,
				8B33FF371F9B1C2200E3762B /* Info.plist */,
			);
			path = DailyNotes;
			sourceTree = "<group>";
		};
		8B33FF3F1F9B1C2200E3762B /* DailyNotesTests */ = {
			isa = PBXGroup;
			children = (
				8B33FF401F9B1C2200E3762B /* DailyNotesTests.swift */,
				8B33FF421F9B1C2200E3762B /* Info.plist */,
			);
			path = DailyNotesTests;
			sourceTree = "<group>";
		};
/* End PBXGroup section */

/* Begin PBXNativeTarget section */
		8B33FF271F9B1C2200E3762B /* DailyNotes */ = {
			isa = PBXNativeTarget;
			buildConfigurationList = 8B33FF451F9B1C2200E3762B /* Build configuration list for PBXNativeTarget "DailyNotes" */;
			buildPhases = (
				8B33FF241F9B1C2200E3762B /* Sources */,
				8B33FF251F9B1C2200E3762B /* Frameworks */,
				8B33FF261F9B1C2200E3762B /* Resources */,
			);
			buildRules = (
			);
			dependencies = (
			);
			name = DailyNotes;
			productName = DailyNotes;
			productReference = 8B33FF281F9B1C2200E3762B /* DailyNotes.app */;
			productType = "com.apple.product-type.application";
		};
		8B33FF3B1F9B1C2200E3762B /* DailyNotesTests */ = {
			isa = PBXNativeTarget;
			buildConfigurationList = 8B33FF481F9B1C2200E3762B /* Build configuration list for PBXNativeTarget "DailyNotesTests" */;
			buildPhases = (
				8B33FF381F9B1C2200E3762B /* Sources */,
				8B33FF391F9B1C2200E3762B /* Frameworks */,
				8B33FF3A1F9B1C2200E3762B /* Resources */,
			);
			buildRules = (
			);
			dependencies = (
				8B33FF3E1F9B1C2200E3762B /* PBXTargetDependency */,
			);
			name = DailyNotesTests;
			productName = DailyNotesTests;
			productReference = 8B33FF3C1F9B1C2200E3762B /* DailyNotesTests.xctest */;
			productType = "com.apple.product-type.bundle.unit-test";
		};
/* End PBXNativeTarget section */

/* Begin PBXProject section */
		8B33FF201F9B1C2200E3762B /* Project object */ = {
			isa = PBXProject;
			attributes = {
				LastSwiftUpdateCheck = 0900;
				LastUpgradeCheck = 0900;
				ORGANIZATIONNAME = "Naruth Kongurai";
				TargetAttributes = {
					8B33FF271F9B1C2200E3762B = {
						CreatedOnToolsVersion = 9.0.1;
						ProvisioningStyle = Automatic;
					};
					8B33FF3B1F9B1C2200E3762B = {
						CreatedOnToolsVersion = 9.0.1;
						ProvisioningStyle = Automatic;
						TestTargetID = 8B33FF271F9B1C2200E3762B;
					};
				};
			};
			buildConfigurationList = 8B33FF231F9B1C2200E3762B /* Build configuration list for PBXProject "DailyNotes" */;
			compatibilityVersion = "Xcode 8.0";
			developmentRegion = en;
			hasScannedForEncodings = 0;
			knownRegions = (
				en,
				Base,
			);
			mainGroup = 8B33FF1F1F9B1C2200E3762B;
			productRefGroup = 8B33FF291F9B1C2200E3762B /* Products */;
			projectDirPath = "";
			projectRoot = "";
			targets = (
				8B33FF271F9B1C2200E3762B /* DailyNotes */,
				8B33FF3B1F9B1C2200E3762B /* DailyNotesTests */,
			);
		};
/* End PBXProject section */

/* Begin PBXResourcesBuildPhase section */
		8B33FF261F9B1C2200E3762B /* Resources */ = {
			isa = PBXResourcesBuildPhase;
			buildActionMask = 2147483647;
			files = (
				8B33FF361F9B1C2200E3762B /* LaunchScreen.storyboard in Resources */,
				8B33FF331F9B1C2200E3762B /* Assets.xcassets in Resources */,
				8B33FF311F9B1C2200E3762B /* Main.storyboard in Resources */,
			);
			runOnlyForDeploymentPostprocessing = 0;
		};
		8B33FF3A1F9B1C2200E3762B /* Resources */ = {
			isa = PBXResourcesBuildPhase;
			buildActionMask = 2147483647;
			files = (
			);
			runOnlyForDeploymentPostprocessing = 0;
		};
/* End PBXResourcesBuildPhase section */

/* Begin PBXSourcesBuildPhase section */
		8B33FF241F9B1C2200E3762B /* Sources */ = {
			isa = PBXSourcesBuildPhase;
			buildActionMask = 2147483647;
			files = (
				8B33FF2E1F9B1C2200E3762B /* ViewController.swift in Sources */,
				8B33FF2C1F9B1C2200E3762B /* AppDelegate.swift in Sources */,
			);
			runOnlyForDeploymentPostprocessing = 0;
		};
		8B33FF381F9B1C2200E3762B /* Sources */ = {
			isa = PBXSourcesBuildPhase;
			buildActionMask = 2147483647;
			files = (
				8B33FF411F9B1C2200E3762B /* DailyNotesTests.swift in Sources */,
			);
			runOnlyForDeploymentPostprocessing = 0;
		};
/* End PBXSourcesBuildPhase section */

/* Begin PBXTargetDependency section */
		8B33FF3E1F9B1C2200E3762B /* PBXTargetDependency */ = {
			isa = PBXTargetDependency;
			target = 8B33FF271F9B1C2200E3762B /* DailyNotes */;
			targetProxy = 8B33FF3D1F9B1C2200E3762B /* PBXContainerItemProxy */;
		};
/* End PBXTargetDependency section */

/* Begin PBXVariantGroup section */
		8B33FF2F1F9B1C2200E3762B /* Main.storyboard */ = {
			isa = PBXVariantGroup;
			children = (
				8B33FF301F9B1C2200E3762B /* Base */,
			);
			name = Main.storyboard;
			sourceTree = "<group>";
		};
		8B33FF341F9B1C2200E3762B /* LaunchScreen.storyboard */ = {
			isa = PBXVariantGroup;
			children = (
				8B33FF351F9B1C2200E3762B /* Base */,
			);
			name = LaunchScreen.storyboard;
			sourceTree = "<group>";
		};
/* End PBXVariantGroup section */

/* Begin XCBuildConfiguration section */
		8B33FF431F9B1C2200E3762B /* Debug */ = {
			isa = XCBuildConfiguration;
			buildSettings = {
				ALWAYS_SEARCH_USER_PATHS = NO;
				CLANG_ANALYZER_NONNULL = YES;
				CLANG_ANALYZER_NUMBER_OBJECT_CONVERSION = YES_AGGRESSIVE;
				CLANG_CXX_LANGUAGE_STANDARD = "gnu++14";
				CLANG_CXX_LIBRARY = "libc++";
				CLANG_ENABLE_MODULES = YES;
				CLANG_ENABLE_OBJC_ARC = YES;
				CLANG_WARN_BLOCK_CAPTURE_AUTORELEASING = YES;
				CLANG_WARN_BOOL_CONVERSION = YES;
				CLANG_WARN_COMMA = YES;
				CLANG_WARN_CONSTANT_CONVERSION = YES;
				CLANG_WARN_DIRECT_OBJC_ISA_USAGE = YES_ERROR;
				CLANG_WARN_DOCUMENTATION_COMMENTS = YES;
				CLANG_WARN_EMPTY_BODY = YES;
				CLANG_WARN_ENUM_CONVERSION = YES;
				CLANG_WARN_INFINITE_RECURSION = YES;
				CLANG_WARN_INT_CONVERSION = YES;
				CLANG_WARN_NON_LITERAL_NULL_CONVERSION = YES;
				CLANG_WARN_OBJC_LITERAL_CONVERSION = YES;
				CLANG_WARN_OBJC_ROOT_CLASS = YES_ERROR;
				CLANG_WARN_RANGE_LOOP_ANALYSIS = YES;
				CLANG_WARN_STRICT_PROTOTYPES = YES;
				CLANG_WARN_SUSPICIOUS_MOVE = YES;
				CLANG_WARN_UNGUARDED_AVAILABILITY = YES_AGGRESSIVE;
				CLANG_WARN_UNREACHABLE_CODE = YES;
				CLANG_WARN__DUPLICATE_METHOD_MATCH = YES;
				CODE_SIGN_IDENTITY = "iPhone Developer";
				COPY_PHASE_STRIP = NO;
				DEBUG_INFORMATION_FORMAT = dwarf;
				ENABLE_STRICT_OBJC_MSGSEND = YES;
				ENABLE_TESTABILITY = YES;
				GCC_C_LANGUAGE_STANDARD = gnu11;
				GCC_DYNAMIC_NO_PIC = NO;
				GCC_NO_COMMON_BLOCKS = YES;
				GCC_OPTIMIZATION_LEVEL = 0;
				GCC_PREPROCESSOR_DEFINITIONS = (
					"DEBUG=1",
					"$(inherited)",
				);
				GCC_WARN_64_TO_32_BIT_CONVERSION = YES;
				GCC_WARN_ABOUT_RETURN_TYPE = YES_ERROR;
				GCC_WARN_UNDECLARED_SELECTOR = YES;
				GCC_WARN_UNINITIALIZED_AUTOS = YES_AGGRESSIVE;
				GCC_WARN_UNUSED_FUNCTION = YES;
				GCC_WARN_UNUSED_VARIABLE = YES;
				IPHONEOS_DEPLOYMENT_TARGET = 11.0;
				MTL_ENABLE_DEBUG_INFO = YES;
				ONLY_ACTIVE_ARCH = YES;
				SDKROOT = iphoneos;
				SWIFT_ACTIVE_COMPILATION_CONDITIONS = DEBUG;
				SWIFT_OPTIMIZATION_LEVEL = "-Onone";
			};
			name = Debug;
		};
		8B33FF441F9B1C2200E3762B /* Release */ = {
			isa = XCBuildConfiguration;
			buildSettings = {
				ALWAYS_SEARCH_USER_PATHS = NO;
				CLANG_ANALYZER_NONNULL = YES;
				CLANG_ANALYZER_NUMBER_OBJECT_CONVERSION = YES_AGGRESSIVE;
				CLANG_CXX_LANGUAGE_STANDARD = "gnu++14";
				CLANG_CXX_LIBRARY = "libc++";
				CLANG_ENABLE_MODULES = YES;
				CLANG_ENABLE_OBJC_ARC = YES;
				CLANG_WARN_BLOCK_CAPTURE_AUTORELEASING = YES;
				CLANG_WARN_BOOL_CONVERSION = YES;
				CLANG_WARN_COMMA = YES;
				CLANG_WARN_CONSTANT_CONVERSION = YES;
				CLANG_WARN_DIRECT_OBJC_ISA_USAGE = YES_ERROR;
				CLANG_WARN_DOCUMENTATION_COMMENTS = YES;
				CLANG_WARN_EMPTY_BODY = YES;
				CLANG_WARN_ENUM_CONVERSION = YES;
				CLANG_WARN_INFINITE_RECURSION = YES;
				CLANG_WARN_INT_CONVERSION = YES;
				CLANG_WARN_NON_LITERAL_NULL_CONVERSION = YES;
				CLANG_WARN_OBJC_LITERAL_CONVERSION = YES;
				CLANG_WARN_OBJC_ROOT_CLASS = YES_ERROR;
				CLANG_WARN_RANGE_LOOP_ANALYSIS = YES;
				CLANG_WARN_STRICT_PROTOTYPES = YES;
				CLANG_WARN_SUSPICIOUS_MOVE = YES;
				CLANG_WARN_UNGUARDED_AVAILABILITY = YES_AGGRESSIVE;
				CLANG_WARN_UNREACHABLE_CODE = YES;
				CLANG_WARN__DUPLICATE_METHOD_MATCH = YES;
				CODE_SIGN_IDENTITY = "iPhone Developer";
				COPY_PHASE_STRIP = NO;
				DEBUG_INFORMATION_FORMAT = "dwarf-with-dsym";
				ENABLE_NS_ASSERTIONS = NO;
				ENABLE_STRICT_OBJC_MSGSEND = YES;
				GCC_C_LANGUAGE_STANDARD = gnu11;
				GCC_NO_COMMON_BLOCKS = YES;
				GCC_WARN_64_TO_32_BIT_CONVERSION = YES;
				GCC_WARN_ABOUT_RETURN_TYPE = YES_ERROR;
				GCC_WARN_UNDECLARED_SELECTOR = YES;
				GCC_WARN_UNINITIALIZED_AUTOS = YES_AGGRESSIVE;
				GCC_WARN_UNUSED_FUNCTION = YES;
				GCC_WARN_UNUSED_VARIABLE = YES;
				IPHONEOS_DEPLOYMENT_TARGET = 11.0;
				MTL_ENABLE_DEBUG_INFO = NO;
				SDKROOT = iphoneos;
				SWIFT_OPTIMIZATION_LEVEL = "-Owholemodule";
				VALIDATE_PRODUCT = YES;
			};
			name = Release;
		};
		8B33FF461F9B1C2200E3762B /* Debug */ = {
			isa = XCBuildConfiguration;
			buildSettings = {
				ASSETCATALOG_COMPILER_APPICON_NAME = AppIcon;
				CODE_SIGN_STYLE = Automatic;
				DEVELOPMENT_TEAM = TES86W7CQQ;
				INFOPLIST_FILE = DailyNotes/Info.plist;
				LD_RUNPATH_SEARCH_PATHS = "$(inherited) @executable_path/Frameworks";
				PRODUCT_BUNDLE_IDENTIFIER = com.naruthk.DailyNotes;
				PRODUCT_NAME = "$(TARGET_NAME)";
				SWIFT_VERSION = 4.0;
				TARGETED_DEVICE_FAMILY = "1,2";
			};
			name = Debug;
		};
		8B33FF471F9B1C2200E3762B /* Release */ = {
			isa = XCBuildConfiguration;
			buildSettings = {
				ASSETCATALOG_COMPILER_APPICON_NAME = AppIcon;
				CODE_SIGN_STYLE = Automatic;
				DEVELOPMENT_TEAM = TES86W7CQQ;
				INFOPLIST_FILE = DailyNotes/Info.plist;
				LD_RUNPATH_SEARCH_PATHS = "$(inherited) @executable_path/Frameworks";
				PRODUCT_BUNDLE_IDENTIFIER = com.naruthk.DailyNotes;
				PRODUCT_NAME = "$(TARGET_NAME)";
				SWIFT_VERSION = 4.0;
				TARGETED_DEVICE_FAMILY = "1,2";
			};
			name = Release;
		};
		8B33FF491F9B1C2200E3762B /* Debug */ = {
			isa = XCBuildConfiguration;
			buildSettings = {
				ALWAYS_EMBED_SWIFT_STANDARD_LIBRARIES = YES;
				BUNDLE_LOADER = "$(TEST_HOST)";
				CODE_SIGN_STYLE = Automatic;
				DEVELOPMENT_TEAM = TES86W7CQQ;
				INFOPLIST_FILE = DailyNotesTests/Info.plist;
				LD_RUNPATH_SEARCH_PATHS = "$(inherited) @executable_path/Frameworks @loader_path/Frameworks";
				PRODUCT_BUNDLE_IDENTIFIER = com.naruthk.DailyNotesTests;
				PRODUCT_NAME = "$(TARGET_NAME)";
				SWIFT_VERSION = 4.0;
				TARGETED_DEVICE_FAMILY = "1,2";
				TEST_HOST = "$(BUILT_PRODUCTS_DIR)/DailyNotes.app/DailyNotes";
			};
			name = Debug;
		};
		8B33FF4A1F9B1C2200E3762B /* Release */ = {
			isa = XCBuildConfiguration;
			buildSettings = {
				ALWAYS_EMBED_SWIFT_STANDARD_LIBRARIES = YES;
				BUNDLE_LOADER = "$(TEST_HOST)";
				CODE_SIGN_STYLE = Automatic;
				DEVELOPMENT_TEAM = TES86W7CQQ;
				INFOPLIST_FILE = DailyNotesTests/Info.plist;
				LD_RUNPATH_SEARCH_PATHS = "$(inherited) @executable_path/Frameworks @loader_path/Frameworks";
				PRODUCT_BUNDLE_IDENTIFIER = com.naruthk.DailyNotesTests;
				PRODUCT_NAME = "$(TARGET_NAME)";
				SWIFT_VERSION = 4.0;
				TARGETED_DEVICE_FAMILY = "1,2";
				TEST_HOST = "$(BUILT_PRODUCTS_DIR)/DailyNotes.app/DailyNotes";
			};
			name = Release;
		};
/* End XCBuildConfiguration section */

/* Begin XCConfigurationList section */
		8B33FF231F9B1C2200E3762B /* Build configuration list for PBXProject "DailyNotes" */ = {
			isa = XCConfigurationList;
			buildConfigurations = (
				8B33FF431F9B1C2200E3762B /* Debug */,
				8B33FF441F9B1C2200E3762B /* Release */,
			);
			defaultConfigurationIsVisible = 0;
			defaultConfigurationName = Release;
		};
		8B33FF451F9B1C2200E3762B /* Build configuration list for PBXNativeTarget "DailyNotes" */ = {
			isa = XCConfigurationList;
			buildConfigurations = (
				8B33FF461F9B1C2200E3762B /* Debug */,
				8B33FF471F9B1C2200E3762B /* Release */,
			);
			defaultConfigurationIsVisible = 0;
			defaultConfigurationName = Release;
		};
		8B33FF481F9B1C2200E3762B /* Build configuration list for PBXNativeTarget "DailyNotesTests" */ = {
			isa = XCConfigurationList;
			buildConfigurations = (
				8B33FF491F9B1C2200E3762B /* Debug */,
				8B33FF4A1F9B1C2200E3762B /* Release */,
			);
			defaultConfigurationIsVisible = 0;
			defaultConfigurationName = Release;
		};
/* End XCConfigurationList section */
	};
	rootObject = 8B33FF201F9B1C2200E3762B /* Project object */;
}
